Microsoft Visual Studio Solution File, Format Version 12.00
# Visual Studio Version 18
VisualStudioVersion = 18.1.11312.151
MinimumVisualStudioVersion = 10.0.40219.1
Project("{2150E333-8FDC-42A3-9474-1A3956D46DE8}") = "src", "src", "{8A9B6B3D-0F9E-4C9A-8B6A-1E2C3D4E5F6A}"
EndProject
Project("{2150E333-8FDC-42A3-9474-1A3956D46DE8}") = "1.Core", "1.Core", "{1A1B1C1D-1E1F-1A1B-1C1D-1E1F1A1B1C1D}"
EndProject
Project("{2150E333-8FDC-42A3-9474-1A3956D46DE8}") = "2.Infrastructure", "2.Infrastructure", "{2A2B2C2D-2E2F-2A2B-2C2D-2E2F2A2B2C2D}"
EndProject
Project("{2150E333-8FDC-42A3-9474-1A3956D46DE8}") = "3.Presentation", "3.Presentation", "{3A3B3C3D-3E3F-3A3B-3C3D-3E3F3A3B3C3D}"
EndProject
Project("{FAE04EC0-301F-11D3-BF4B-00C04F79EFBC}") = "Application", "src\1.Core\Application\Application.csproj", "{A3F081E3-2619-4A42-7213-5FB29A062E70}"
EndProject
Project("{FAE04EC0-301F-11D3-BF4B-00C04F79EFBC}") = "Domain", "src\1.Core\Domain\Domain.csproj", "{045646C9-BE86-F96C-74B5-263592EF38F2}"
EndProject
Project("{FAE04EC0-301F-11D3-BF4B-00C04F79EFBC}") = "Common", "src\2.Infrastructure\Common\Common.csproj", "{2A930676-06B6-B284-658E-1588F70DB9C1}"
EndProject
Project("{FAE04EC0-301F-11D3-BF4B-00C04F79EFBC}") = "Infrastructure", "src\2.Infrastructure\Infrastructure\Infrastructure.csproj", "{C40177F8-A8BE-EECA-E4AE-7EFD299FC102}"
EndProject
Project("{FAE04EC0-301F-11D3-BF4B-00C04F79EFBC}") = "AdminApi", "src\3.Presentation\AdminApi\AdminApi.csproj", "{65497054-4A3B-35C1-F3B2-01F83A6E74C3}"
EndProject
Project("{FAE04EC0-301F-11D3-BF4B-00C04F79EFBC}") = "Api", "src\3.Presentation\Api\Api.csproj", "{5292B25A-3B45-B240-F4A3-ED9C0986DE65}"
EndProject
Global
	GlobalSection(SolutionConfigurationPlatforms) = preSolution
		Debug|Any CPU = Debug|Any CPU
		Release|Any CPU = Release|Any CPU
	EndGlobalSection
	GlobalSection(ProjectConfigurationPlatforms) = postSolution
		{A3F081E3-2619-4A42-7213-5FB29A062E70}.Debug|Any CPU.ActiveCfg = Debug|Any CPU
		{A3F081E3-2619-4A42-7213-5FB29A062E70}.Debug|Any CPU.Build.0 = Debug|Any CPU
		{A3F081E3-2619-4A42-7213-5FB29A062E70}.Release|Any CPU.ActiveCfg = Release|Any CPU
		{A3F081E3-2619-4A42-7213-5FB29A062E70}.Release|Any CPU.Build.0 = Release|Any CPU
		{045646C9-BE86-F96C-74B5-263592EF38F2}.Debug|Any CPU.ActiveCfg = Debug|Any CPU
		{045646C9-BE86-F96C-74B5-263592EF38F2}.Debug|Any CPU.Build.0 = Debug|Any CPU
		{045646C9-BE86-F96C-74B5-263592EF38F2}.Release|Any CPU.ActiveCfg = Release|Any CPU
		{045646C9-BE86-F96C-74B5-263592EF38F2}.Release|Any CPU.Build.0 = Release|Any CPU
		{2A930676-06B6-B284-658E-1588F70DB9C1}.Debug|Any CPU.ActiveCfg = Debug|Any CPU
		{2A930676-06B6-B284-658E-1588F70DB9C1}.Debug|Any CPU.Build.0 = Debug|Any CPU
		{2A930676-06B6-B284-658E-1588F70DB9C1}.Release|Any CPU.ActiveCfg = Release|Any CPU
		{2A930676-06B6-B284-658E-1588F70DB9C1}.Release|Any CPU.Build.0 = Release|Any CPU
		{C40177F8-A8BE-EECA-E4AE-7EFD299FC102}.Debug|Any CPU.ActiveCfg = Debug|Any CPU
		{C40177F8-A8BE-EECA-E4AE-7EFD299FC102}.Debug|Any CPU.Build.0 = Debug|Any CPU
		{C40177F8-A8BE-EECA-E4AE-7EFD299FC102}.Release|Any CPU.ActiveCfg = Release|Any CPU
		{C40177F8-A8BE-EECA-E4AE-7EFD299FC102}.Release|Any CPU.Build.0 = Release|Any CPU
		{65497054-4A3B-35C1-F3B2-01F83A6E74C3}.Debug|Any CPU.ActiveCfg = Debug|Any CPU
		{65497054-4A3B-35C1-F3B2-01F83A6E74C3}.Debug|Any CPU.Build.0 = Debug|Any CPU
		{65497054-4A3B-35C1-F3B2-01F83A6E74C3}.Release|Any CPU.ActiveCfg = Release|Any CPU
		{65497054-4A3B-35C1-F3B2-01F83A6E74C3}.Release|Any CPU.Build.0 = Release|Any CPU
		{5292B25A-3B45-B240-F4A3-ED9C0986DE65}.Debug|Any CPU.ActiveCfg = Debug|Any CPU
		{5292B25A-3B45-B240-F4A3-ED9C0986DE65}.Debug|Any CPU.Build.0 = Debug|Any CPU
		{5292B25A-3B45-B240-F4A3-ED9C0986DE65}.Release|Any CPU.ActiveCfg = Release|Any CPU
		{5292B25A-3B45-B240-F4A3-ED9C0986DE65}.Release|Any CPU.Build.0 = Release|Any CPU
	EndGlobalSection
	GlobalSection(SolutionProperties) = preSolution
		HideSolutionNode = FALSE
	EndGlobalSection
	GlobalSection(NestedProjects) = preSolution
		{1A1B1C1D-1E1F-1A1B-1C1D-1E1F1A1B1C1D} = {8A9B6B3D-0F9E-4C9A-8B6A-1E2C3D4E5F6A}
		{2A2B2C2D-2E2F-2A2B-2C2D-2E2F2A2B2C2D} = {8A9B6B3D-0F9E-4C9A-8B6A-1E2C3D4E5F6A}
		{3A3B3C3D-3E3F-3A3B-3C3D-3E3F3A3B3C3D} = {8A9B6B3D-0F9E-4C9A-8B6A-1E2C3D4E5F6A}
		{A3F081E3-2619-4A42-7213-5FB29A062E70} = {1A1B1C1D-1E1F-1A1B-1C1D-1E1F1A1B1C1D}
		{045646C9-BE86-F96C-74B5-263592EF38F2} = {1A1B1C1D-1E1F-1A1B-1C1D-1E1F1A1B1C1D}
		{2A930676-06B6-B284-658E-1588F70DB9C1} = {2A2B2C2D-2E2F-2A2B-2C2D-2E2F2A2B2C2D}
		{C40177F8-A8BE-EECA-E4AE-7EFD299FC102} = {2A2B2C2D-2E2F-2A2B-2C2D-2E2F2A2B2C2D}
		{65497054-4A3B-35C1-F3B2-01F83A6E74C3} = {3A3B3C3D-3E3F-3A3B-3C3D-3E3F3A3B3C3D}
		{5292B25A-3B45-B240-F4A3-ED9C0986DE65} = {3A3B3C3D-3E3F-3A3B-3C3D-3E3F3A3B3C3D}
	EndGlobalSection
	GlobalSection(ExtensibilityGlobals) = postSolution
		SolutionGuid = {AAAABBBB-CCCC-DDDD-EEEE-FFFFAAAABBBB}
	EndGlobalSection
EndGlobal
